<?xml version="1.0" encoding="utf-8"?>
<Project ToolsVersion="4.0" xmlns="http://schemas.microsoft.com/developer/msbuild/2003">
  <ItemGroup>
    <Filter Include="Source Files">
      <UniqueIdentifier>{4FC737F1-C7A5-4376-A066-2A32D752A2FF}</UniqueIdentifier>
      <Extensions>cpp;c;cc;cxx;def;odl;idl;hpj;bat;asm;asmx</Extensions>
    </Filter>
    <Filter Include="Header Files">
      <UniqueIdentifier>{93995380-89BD-4b04-88EB-625FBE52EBFB}</UniqueIdentifier>
      <Extensions>h;hh;hpp;hxx;hm;inl;inc;xsd</Extensions>
    </Filter>
    <Filter Include="Resource Files">
      <UniqueIdentifier>{67DA6AB6-F800-4c08-8B7A-83BB121AAD01}</UniqueIdentifier>
      <Extensions>rc;ico;cur;bmp;dlg;rc2;rct;bin;rgs;gif;jpg;jpeg;jpe;resx;tiff;tif;png;wav;mfcribbon-ms</Extensions>
    </Filter>
  </ItemGroup>
  <ItemGroup>
    <Text Include="ReadMe.txt" />
  </ItemGroup>
  <ItemGroup>
    <ClInclude Include="stdafx.h">
      <Filter>Header Files</Filter>
    </ClInclude>
    <ClInclude Include="targetver.h">
      <Filter>Header Files</Filter>
    </ClInclude>
    <ClInclude Include="Plant.h">
      <Filter>Header Files</Filter>
    </ClInclude>
    <ClInclude Include="PlantDAO.h">
      <Filter>Header Files</Filter>
    </ClInclude>
    <ClInclude Include="SQLPlantDAO.h">
      <Filter>Header Files</Filter>
    </ClInclude>
    <ClInclude Include="IEdgeDetect.h">
      <Filter>Header Files</Filter>
    </ClInclude>
    <ClInclude Include="IFilter.h">
      <Filter>Header Files</Filter>
    </ClInclude>
    <ClInclude Include="Image.h">
      <Filter>Header Files</Filter>
    </ClInclude>
    <ClInclude Include="IPerspectiveCorrect.h">
      <Filter>Header Files</Filter>
    </ClInclude>
    <ClInclude Include="ISegment.h">
      <Filter>Header Files</Filter>
    </ClInclude>
    <ClInclude Include="ISkeletonize.h">
      <Filter>Header Files</Filter>
    </ClInclude>
    <ClInclude Include="PhenotypicData.h">
      <Filter>Header Files</Filter>
    </ClInclude>
    <ClInclude Include="PlantModeler.h">
      <Filter>Header Files</Filter>
    </ClInclude>
    <ClInclude Include="PlantPhenotyper.h">
      <Filter>Header Files</Filter>
    </ClInclude>
    <ClInclude Include="defaultPerspectiveCorrect.h">
      <Filter>Header Files</Filter>
    </ClInclude>
    <ClInclude Include="defaultSegment.h">
      <Filter>Header Files</Filter>
    </ClInclude>
    <ClInclude Include="defaultFilter.h">
      <Filter>Header Files</Filter>
    </ClInclude>
    <ClInclude Include="defaultEdgeDetect.h">
      <Filter>Header Files</Filter>
    </ClInclude>
    <ClInclude Include="defaultSkeletonize.h">
      <Filter>Header Files</Filter>
    </ClInclude>
    <ClInclude Include="HSVSegment.h">
      <Filter>Header Files</Filter>
    </ClInclude>
    <ClInclude Include="SobelEdgeDetect.h">
      <Filter>Header Files</Filter>
    </ClInclude>
    <ClInclude Include="PlantStructure.h">
      <Filter>Header Files</Filter>
    </ClInclude>
    <ClInclude Include="TillerCount.h">
      <Filter>Header Files</Filter>
    </ClInclude>
    <ClInclude Include="IPlantStructure.h">
      <Filter>Header Files</Filter>
    </ClInclude>
    <ClInclude Include="IPreprocess.h">
      <Filter>Header Files</Filter>
    </ClInclude>
    <ClInclude Include="defaultPreprocess.h">
      <Filter>Header Files</Filter>
    </ClInclude>
  </ItemGroup>
  <ItemGroup>
    <ClCompile Include="stdafx.cpp">
      <Filter>Source Files</Filter>
    </ClCompile>
    <ClCompile Include="Seight.cpp">
      <Filter>Source Files</Filter>
    </ClCompile>
    <ClCompile Include="Plant.cpp">
      <Filter>Source Files</Filter>
    </ClCompile>
    <ClCompile Include="SQLPlantDAO.cpp">
      <Filter>Source Files</Filter>
    </ClCompile>
    <ClCompile Include="PlantDAO.cpp">
      <Filter>Source Files</Filter>
    </ClCompile>
    <ClCompile Include="IEdgeDetect.cpp">
      <Filter>Source Files</Filter>
    </ClCompile>
    <ClCompile Include="IFilter.cpp">
      <Filter>Source Files</Filter>
    </ClCompile>
    <ClCompile Include="Image.cpp">
      <Filter>Source Files</Filter>
    </ClCompile>
    <ClCompile Include="IPerspectiveCorrect.cpp">
      <Filter>Source Files</Filter>
    </ClCompile>
    <ClCompile Include="ISegment.cpp">
      <Filter>Source Files</Filter>
    </ClCompile>
    <ClCompile Include="ISkeletonize.cpp">
      <Filter>Source Files</Filter>
    </ClCompile>
    <ClCompile Include="PhenotypicData.cpp">
      <Filter>Source Files</Filter>
    </ClCompile>
    <ClCompile Include="PlantModeler.cpp">
      <Filter>Source Files</Filter>
    </ClCompile>
    <ClCompile Include="PlantPhenotyper.cpp">
      <Filter>Source Files</Filter>
    </ClCompile>
    <ClCompile Include="defaultPerspectiveCorrect.cpp">
      <Filter>Source Files</Filter>
    </ClCompile>
    <ClCompile Include="defaultSegment.cpp">
      <Filter>Source Files</Filter>
    </ClCompile>
    <ClCompile Include="defaultFilter.cpp">
      <Filter>Source Files</Filter>
    </ClCompile>
    <ClCompile Include="defaultEdgeDetect.cpp">
      <Filter>Source Files</Filter>
    </ClCompile>
    <ClCompile Include="defaultSkeletonize.cpp">
      <Filter>Source Files</Filter>
    </ClCompile>
    <ClCompile Include="HSVSegment.cpp">
      <Filter>Source Files</Filter>
    </ClCompile>
    <ClCompile Include="SobelEdgeDetect.cpp">
      <Filter>Source Files</Filter>
    </ClCompile>
    <ClCompile Include="PlantStructure.cpp">
      <Filter>Source Files</Filter>
    </ClCompile>
    <ClCompile Include="TillerCount.cpp">
      <Filter>Source Files</Filter>
    </ClCompile>
    <ClCompile Include="IPlantStructure.cpp">
      <Filter>Source Files</Filter>
    </ClCompile>
    <ClCompile Include="IPreprocess.cpp">
      <Filter>Source Files</Filter>
    </ClCompile>
    <ClCompile Include="defaultPreprocess.cpp">
      <Filter>Source Files</Filter>
    </ClCompile>
  </ItemGroup>
</Project>